{
  "name": "webviz-config",
  "requires": true,
  "lockfileVersion": 1,
  "dependencies": {
    "clipboard": {
      "version": "2.0.8",
      "resolved": "https://registry.npmjs.org/clipboard/-/clipboard-2.0.8.tgz",
      "integrity": "sha512-Y6WO0unAIQp5bLmk1zdThRhgJt/x3ks6f30s3oE3H1mgIEU33XyQjEf8gsf6DxC7NPX8Y1SsNWjUjL/ywLnnbQ==",
      "optional": true,
      "requires": {
        "good-listener": "^1.2.2",
        "select": "^1.1.2",
        "tiny-emitter": "^2.0.0"
      }
    },
    "commander": {
      "version": "2.20.3",
      "resolved": "https://registry.npmjs.org/commander/-/commander-2.20.3.tgz",
      "integrity": "sha512-GpVkmM8vF2vQUkj2LvZmD35JxeJOLCwJ9cUkugyk2nuhbv3+mJvpLYYt+0+USMxE+oj+ey/lJEnhZw75x/OMcQ=="
    },
    "delegate": {
      "version": "3.2.0",
      "resolved": "https://registry.npmjs.org/delegate/-/delegate-3.2.0.tgz",
      "integrity": "sha512-IofjkYBZaZivn0V8nnsMJGBr4jVLxHDheKSW88PyxS5QC4Vo9ZbZVvhzlSxY87fVq3STR6r+4cGepyHkcWOQSw==",
      "optional": true
    },
    "docsify": {
      "version": "4.12.1",
      "resolved": "https://registry.npmjs.org/docsify/-/docsify-4.12.1.tgz",
      "integrity": "sha512-7v4UlCYLTmb83leJLIlheQlQ8kDTbTxcpMttRg0Uf92Nl//m0AcKFHoLLo5HHS4UhnO0KhDV8SKCdTR279zI9A==",
      "requires": {
        "dompurify": "^2.2.6",
        "marked": "^1.2.9",
        "medium-zoom": "^1.0.6",
        "opencollective-postinstall": "^2.0.2",
        "prismjs": "^1.23.0",
        "strip-indent": "^3.0.0",
        "tinydate": "^1.3.0",
        "tweezer.js": "^1.4.0"
      }
    },
    "docsify-copy-code": {
      "version": "2.1.1",
      "resolved": "https://registry.npmjs.org/docsify-copy-code/-/docsify-copy-code-2.1.1.tgz",
      "integrity": "sha512-3+foIMuohrvYTA8dyDwr4wylKSZHXBq4tvoAP24BvzqSM9Rbh0gvXQunVoFZ7If4FOYmUXOBveg3EbJSBUMaow=="
    },
    "docsify-katex": {
      "version": "1.4.3",
      "resolved": "https://registry.npmjs.org/docsify-katex/-/docsify-katex-1.4.3.tgz",
      "integrity": "sha512-3wAwgETtTjZkMF749tRRqS2yJe7RcVMBcjRVNIMgUki22wetZRF2gmPu5w6rPi6JPbyPXE5M7+rUZUloRVomZg==",
      "requires": {
        "katex": "^0.11.1"
      },
      "dependencies": {
        "katex": {
          "version": "0.11.1",
          "resolved": "https://registry.npmjs.org/katex/-/katex-0.11.1.tgz",
          "integrity": "sha512-5oANDICCTX0NqYIyAiFCCwjQ7ERu3DQG2JFHLbYOf+fXaMoH8eg/zOq5WSYJsKMi/QebW+Eh3gSM+oss1H/bww==",
          "requires": {
            "commander": "^2.19.0"
          }
        }
      }
    },
    "docsify-tabs": {
      "version": "1.4.4",
      "resolved": "https://registry.npmjs.org/docsify-tabs/-/docsify-tabs-1.4.4.tgz",
      "integrity": "sha512-00w5Z/+f5R1pvz5zIb8GR3j45MwKqTFMK7rNMwcmU3XLsebQS0OCZnpLwX8mHkixJ6TRgsEl5gTYPq9ibD1oKQ=="
    },
    "dompurify": {
      "version": "2.2.7",
      "resolved": "https://registry.npmjs.org/dompurify/-/dompurify-2.2.7.tgz",
      "integrity": "sha512-jdtDffdGNY+C76jvodNTu9jt5yYj59vuTUyx+wXdzcSwAGTYZDAQkQ7Iwx9zcGrA4ixC1syU4H3RZROqRxokxg=="
    },
    "good-listener": {
      "version": "1.2.2",
      "resolved": "https://registry.npmjs.org/good-listener/-/good-listener-1.2.2.tgz",
      "integrity": "sha1-1TswzfkxPf+33JoNR3CWqm0UXFA=",
      "optional": true,
      "requires": {
        "delegate": "^3.1.2"
      }
    },
    "katex": {
      "version": "0.12.0",
      "resolved": "https://registry.npmjs.org/katex/-/katex-0.12.0.tgz",
      "integrity": "sha512-y+8btoc/CK70XqcHqjxiGWBOeIL8upbS0peTPXTvgrh21n1RiWWcIpSWM+4uXq+IAgNh9YYQWdc7LVDPDAEEAg==",
      "requires": {
        "commander": "^2.19.0"
      }
    },
    "marked": {
      "version": "1.2.9",
      "resolved": "https://registry.npmjs.org/marked/-/marked-1.2.9.tgz",
      "integrity": "sha512-H8lIX2SvyitGX+TRdtS06m1jHMijKN/XjfH6Ooii9fvxMlh8QdqBfBDkGUpMWH2kQNrtixjzYUa3SH8ROTgRRw=="
    },
    "medium-zoom": {
      "version": "1.0.6",
      "resolved": "https://registry.npmjs.org/medium-zoom/-/medium-zoom-1.0.6.tgz",
      "integrity": "sha512-UdiUWfvz9fZMg1pzf4dcuqA0W079o0mpqbTnOz5ip4VGYX96QjmbM+OgOU/0uOzAytxC0Ny4z+VcYQnhdifimg=="
    },
    "min-indent": {
      "version": "1.0.1",
      "resolved": "https://registry.npmjs.org/min-indent/-/min-indent-1.0.1.tgz",
      "integrity": "sha512-I9jwMn07Sy/IwOj3zVkVik2JTvgpaykDZEigL6Rx6N9LbMywwUSMtxET+7lVoDLLd3O3IXwJwvuuns8UB/HeAg=="
    },
    "opencollective-postinstall": {
      "version": "2.0.3",
      "resolved": "https://registry.npmjs.org/opencollective-postinstall/-/opencollective-postinstall-2.0.3.tgz",
      "integrity": "sha512-8AV/sCtuzUeTo8gQK5qDZzARrulB3egtLzFgteqB2tcT4Mw7B8Kt7JcDHmltjz6FOAHsvTevk70gZEbhM4ZS9Q=="
    },
    "prismjs": {
      "version": "1.23.0",
      "resolved": "https://registry.npmjs.org/prismjs/-/prismjs-1.23.0.tgz",
      "integrity": "sha512-c29LVsqOaLbBHuIbsTxaKENh1N2EQBOHaWv7gkHN4dgRbxSREqDnDbtFJYdpPauS4YCplMSNCABQ6Eeor69bAA==",
      "requires": {
        "clipboard": "^2.0.0"
      }
    },
    "select": {
      "version": "1.1.2",
      "resolved": "https://registry.npmjs.org/select/-/select-1.1.2.tgz",
      "integrity": "sha1-DnNQrN7ICxEIUoeG7B1EGNEbOW0=",
      "optional": true
    },
    "strip-indent": {
      "version": "3.0.0",
      "resolved": "https://registry.npmjs.org/strip-indent/-/strip-indent-3.0.0.tgz",
      "integrity": "sha512-laJTa3Jb+VQpaC6DseHhF7dXVqHTfJPCRDaEbid/drOhgitgYku/letMUqOXFoWV0zIIUbjpdH2t+tYj4bQMRQ==",
      "requires": {
        "min-indent": "^1.0.0"
      }
    },
    "tiny-emitter": {
      "version": "2.1.0",
      "resolved": "https://registry.npmjs.org/tiny-emitter/-/tiny-emitter-2.1.0.tgz",
      "integrity": "sha512-NB6Dk1A9xgQPMoGqC5CVXn123gWyte215ONT5Pp5a0yt4nlEoO1ZWeCwpncaekPHXO60i47ihFnZPiRPjRMq4Q==",
      "optional": true
    },
    "tinydate": {
      "version": "1.3.0",
      "resolved": "https://registry.npmjs.org/tinydate/-/tinydate-1.3.0.tgz",
      "integrity": "sha512-7cR8rLy2QhYHpsBDBVYnnWXm8uRTr38RoZakFSW7Bs7PzfMPNZthuMLkwqZv7MTu8lhQ91cOFYS5a7iFj2oR3w=="
    },
    "tweezer.js": {
      "version": "1.5.0",
      "resolved": "https://registry.npmjs.org/tweezer.js/-/tweezer.js-1.5.0.tgz",
      "integrity": "sha512-aSiJz7rGWNAQq7hjMK9ZYDuEawXupcCWgl3woQQSoDP2Oh8O4srWb/uO1PzzHIsrPEOqrjJ2sUb9FERfzuBabQ=="
    }
  }
}
